uuid: c9096215-0cd0-4dc7-818d-8854a6793079
langcode: en
status: true
dependencies:
  module:
    - basic_cart
    - ctools
  theme:
    - glazed_saho
id: basiccartblock
theme: glazed_saho
region: sidebar_second
weight: -38
provider: null
plugin: basic_cart_cartblock
settings:
  id: basic_cart_cartblock
  label: 'Basic Cart Block'
  label_display: visible
  provider: basic_cart
visibility:
  'entity_bundle:node':
    id: 'entity_bundle:node'
    negate: false
    context_mapping:
      node: '@node.node_route_context:node'
    bundles:
      product: product
