uuid: e713048e-6fb8-40a9-b5b1-5bc056ccc22c
langcode: en
status: true
dependencies:
  module:
    - basic_cart
    - system
  theme:
    - glazed_saho
id: basiccartcountblock
theme: glazed_saho
region: highlighted
weight: 0
provider: null
plugin: basic_cart_countblock
settings:
  id: basic_cart_countblock
  label: 'Basic Cart Count Block'
  label_display: '0'
  provider: basic_cart
  float: right
  top: '65'
  bottom: ''
  left: xx
  right: '230'
  size: 48x39
visibility:
  request_path:
    id: request_path
    negate: false
    context_mapping: {  }
    pages: /shop
