uuid: 156e734c-e724-441a-8899-d04fe9b7bd72
langcode: en
status: true
dependencies:
  module:
    - simple_gse_search
    - system
  theme:
    - glazed_saho
id: simplegsesearchblock
theme: glazed_saho
region: content
weight: -39
provider: null
plugin: simple_gse_search_block
settings:
  id: simple_gse_search_block
  label: 'Search with Google'
  provider: simple_gse_search
  label_display: visible
visibility:
  request_path:
    id: request_path
    pages: /advanced-search
    negate: false
    context_mapping: {  }
