uuid: dad2031f-bd3c-4620-9590-9f36177772a8
langcode: en
status: false
dependencies:
  module:
    - ctools
  theme:
    - glazed_saho
id: bettersocialsharingbuttonsblock
theme: glazed_saho
region: sidebar_second_bottom
weight: -35
provider: null
plugin: better_social_sharing_buttons_block
settings:
  id: better_social_sharing_buttons_block
  label: 'Better Social Sharing Buttons block'
  provider: better_social_sharing_buttons
  label_display: '0'
visibility:
  'entity_bundle:node':
    id: 'entity_bundle:node'
    bundles:
      archive: archive
      article: article
      biography: biography
      event: event
      image: image
      place: place
    negate: false
    context_mapping:
      node: '@node.node_route_context:node'
