uuid: d1ac1230-1ec2-4a43-9a6c-3f11ce958bdc
langcode: en
status: true
dependencies: {  }
_core:
  default_config_hash: aFJykUDl40bK0HrlLReHpMD-4PbxxhTKUN1XyiA3TQ8
id: drag_and_drop_block
label: 'Drag and Drop Block'
revision: false
description: 'Advanced page with visual page building tools. Powered by Glazed Builder.'
